// !$*UTF8*$!
{
	archiveVersion = 1;
	classes = {
	};
	objectVersion = 50;
	objects = {

/* Begin PBXBuildFile section */
		D229A5302480458400FD54CB /* Contact.swift in Sources */ = {isa = PBXBuildFile; fileRef = D229A52F2480458400FD54CB /* Contact.swift */; };
		D229A5342480587200FD54CB /* ContactsDataManager.swift in Sources */ = {isa = PBXBuildFile; fileRef = D229A5332480587200FD54CB /* ContactsDataManager.swift */; };
		D229A5362481259100FD54CB /* NetworkManager.swift in Sources */ = {isa = PBXBuildFile; fileRef = D229A5352481259100FD54CB /* NetworkManager.swift */; };
		D229A54324817FD100FD54CB /* DetailedInfoViewController.swift in Sources */ = {isa = PBXBuildFile; fileRef = D229A54224817FD100FD54CB /* DetailedInfoViewController.swift */; };
		D229A5452481B2E100FD54CB /* GridCollectionViewCell.swift in Sources */ = {isa = PBXBuildFile; fileRef = D229A5442481B2E100FD54CB /* GridCollectionViewCell.swift */; };
		D27A88332480241E0059DF9E /* ListTableViewCell.swift in Sources */ = {isa = PBXBuildFile; fileRef = D27A88322480241E0059DF9E /* ListTableViewCell.swift */; };
		D2DC6357246D4A33005511B9 /* AppDelegate.swift in Sources */ = {isa = PBXBuildFile; fileRef = D2DC6356246D4A33005511B9 /* AppDelegate.swift */; };
		D2DC6359246D4A33005511B9 /* SceneDelegate.swift in Sources */ = {isa = PBXBuildFile; fileRef = D2DC6358246D4A33005511B9 /* SceneDelegate.swift */; };
		D2DC635B246D4A33005511B9 /* ViewController.swift in Sources */ = {isa = PBXBuildFile; fileRef = D2DC635A246D4A33005511B9 /* ViewController.swift */; };
		D2DC6360246D4A36005511B9 /* Assets.xcassets in Resources */ = {isa = PBXBuildFile; fileRef = D2DC635F246D4A36005511B9 /* Assets.xcassets */; };
		D2DC6363246D4A36005511B9 /* LaunchScreen.storyboard in Resources */ = {isa = PBXBuildFile; fileRef = D2DC6361246D4A36005511B9 /* LaunchScreen.storyboard */; };
		D2DC636B246D4A61005511B9 /* Hasher.swift in Sources */ = {isa = PBXBuildFile; fileRef = D2DC636A246D4A61005511B9 /* Hasher.swift */; };
/* End PBXBuildFile section */

/* Begin PBXFileReference section */
		D229A52F2480458400FD54CB /* Contact.swift */ = {isa = PBXFileReference; lastKnownFileType = sourcecode.swift; path = Contact.swift; sourceTree = "<group>"; };
		D229A5332480587200FD54CB /* ContactsDataManager.swift */ = {isa = PBXFileReference; lastKnownFileType = sourcecode.swift; path = ContactsDataManager.swift; sourceTree = "<group>"; };
		D229A5352481259100FD54CB /* NetworkManager.swift */ = {isa = PBXFileReference; lastKnownFileType = sourcecode.swift; path = NetworkManager.swift; sourceTree = "<group>"; };
		D229A54224817FD100FD54CB /* DetailedInfoViewController.swift */ = {isa = PBXFileReference; lastKnownFileType = sourcecode.swift; path = DetailedInfoViewController.swift; sourceTree = "<group>"; };
		D229A5442481B2E100FD54CB /* GridCollectionViewCell.swift */ = {isa = PBXFileReference; lastKnownFileType = sourcecode.swift; path = GridCollectionViewCell.swift; sourceTree = "<group>"; };
		D27A88322480241E0059DF9E /* ListTableViewCell.swift */ = {isa = PBXFileReference; lastKnownFileType = sourcecode.swift; path = ListTableViewCell.swift; sourceTree = "<group>"; };
		D2DC6353246D4A33005511B9 /* Contacts.app */ = {isa = PBXFileReference; explicitFileType = wrapper.application; includeInIndex = 0; path = Contacts.app; sourceTree = BUILT_PRODUCTS_DIR; };
		D2DC6356246D4A33005511B9 /* AppDelegate.swift */ = {isa = PBXFileReference; lastKnownFileType = sourcecode.swift; path = AppDelegate.swift; sourceTree = "<group>"; };
		D2DC6358246D4A33005511B9 /* SceneDelegate.swift */ = {isa = PBXFileReference; lastKnownFileType = sourcecode.swift; path = SceneDelegate.swift; sourceTree = "<group>"; };
		D2DC635A246D4A33005511B9 /* ViewController.swift */ = {isa = PBXFileReference; lastKnownFileType = sourcecode.swift; path = ViewController.swift; sourceTree = "<group>"; };
		D2DC635F246D4A36005511B9 /* Assets.xcassets */ = {isa = PBXFileReference; lastKnownFileType = folder.assetcatalog; path = Assets.xcassets; sourceTree = "<group>"; };
		D2DC6362246D4A36005511B9 /* Base */ = {isa = PBXFileReference; lastKnownFileType = file.storyboard; name = Base; path = Base.lproj/LaunchScreen.storyboard; sourceTree = "<group>"; };
		D2DC6364246D4A36005511B9 /* Info.plist */ = {isa = PBXFileReference; lastKnownFileType = text.plist.xml; path = Info.plist; sourceTree = "<group>"; };
		D2DC636A246D4A61005511B9 /* Hasher.swift */ = {isa = PBXFileReference; lastKnownFileType = sourcecode.swift; path = Hasher.swift; sourceTree = "<group>"; };
/* End PBXFileReference section */

/* Begin PBXFrameworksBuildPhase section */
		D2DC6350246D4A33005511B9 /* Frameworks */ = {
			isa = PBXFrameworksBuildPhase;
			buildActionMask = 2147483647;
			files = (
			);
			runOnlyForDeploymentPostprocessing = 0;
		};
/* End PBXFrameworksBuildPhase section */

/* Begin PBXGroup section */
		D229A537248173BE00FD54CB /* View */ = {
			isa = PBXGroup;
			children = (
				D2DC6361246D4A36005511B9 /* LaunchScreen.storyboard */,
			);
			path = View;
			sourceTree = "<group>";
		};
		D229A538248173FA00FD54CB /* Model */ = {
			isa = PBXGroup;
			children = (
				D229A52F2480458400FD54CB /* Contact.swift */,
				D229A5332480587200FD54CB /* ContactsDataManager.swift */,
			);
			path = Model;
			sourceTree = "<group>";
		};
		D229A5392481740000FD54CB /* Controller */ = {
			isa = PBXGroup;
			children = (
				D229A540248174E100FD54CB /* Support */,
				D2DC635A246D4A33005511B9 /* ViewController.swift */,
				D27A88322480241E0059DF9E /* ListTableViewCell.swift */,
			);
			path = Controller;
			sourceTree = "<group>";
		};
		D229A53B2481741C00FD54CB /* Network */ = {
			isa = PBXGroup;
			children = (
				D229A5352481259100FD54CB /* NetworkManager.swift */,
			);
			path = Network;
			sourceTree = "<group>";
		};
		D229A540248174E100FD54CB /* Support */ = {
			isa = PBXGroup;
			children = (
				D2DC6358246D4A33005511B9 /* SceneDelegate.swift */,
				D2DC6356246D4A33005511B9 /* AppDelegate.swift */,
			);
			path = Support;
			sourceTree = "<group>";
		};
		D229A541248174F200FD54CB /* Resources */ = {
			isa = PBXGroup;
			children = (
				D2DC635F246D4A36005511B9 /* Assets.xcassets */,
			);
			path = Resources;
			sourceTree = "<group>";
		};
		D2DC634A246D4A33005511B9 = {
			isa = PBXGroup;
			children = (
				D2DC6355246D4A33005511B9 /* Contacts */,
				D2DC6354246D4A33005511B9 /* Products */,
			);
			sourceTree = "<group>";
		};
		D2DC6354246D4A33005511B9 /* Products */ = {
			isa = PBXGroup;
			children = (
				D2DC6353246D4A33005511B9 /* Contacts.app */,
			);
			name = Products;
			sourceTree = "<group>";
		};
		D2DC6355246D4A33005511B9 /* Contacts */ = {
			isa = PBXGroup;
			children = (
				D229A53B2481741C00FD54CB /* Network */,
				D229A538248173FA00FD54CB /* Model */,
				D229A537248173BE00FD54CB /* View */,
				D229A5392481740000FD54CB /* Controller */,
				D2DC636A246D4A61005511B9 /* Hasher.swift */,
				D229A541248174F200FD54CB /* Resources */,
				D2DC6364246D4A36005511B9 /* Info.plist */,
				D229A54224817FD100FD54CB /* DetailedInfoViewController.swift */,
				D229A5442481B2E100FD54CB /* GridCollectionViewCell.swift */,
			);
			path = Contacts;
			sourceTree = "<group>";
		};
/* End PBXGroup section */

/* Begin PBXNativeTarget section */
		D2DC6352246D4A33005511B9 /* Contacts */ = {
			isa = PBXNativeTarget;
			buildConfigurationList = D2DC6367246D4A36005511B9 /* Build configuration list for PBXNativeTarget "Contacts" */;
			buildPhases = (
				D2DC634F246D4A33005511B9 /* Sources */,
				D2DC6350246D4A33005511B9 /* Frameworks */,
				D2DC6351246D4A33005511B9 /* Resources */,
			);
			buildRules = (
			);
			dependencies = (
			);
			name = Contacts;
			productName = Contacts;
			productReference = D2DC6353246D4A33005511B9 /* Contacts.app */;
			productType = "com.apple.product-type.application";
		};
/* End PBXNativeTarget section */

/* Begin PBXProject section */
		D2DC634B246D4A33005511B9 /* Project object */ = {
			isa = PBXProject;
			attributes = {
				LastSwiftUpdateCheck = 1130;
				LastUpgradeCheck = 1130;
				ORGANIZATIONNAME = "Inna Litvinenko";
				TargetAttributes = {
					D2DC6352246D4A33005511B9 = {
						CreatedOnToolsVersion = 11.3.1;
					};
				};
			};
			buildConfigurationList = D2DC634E246D4A33005511B9 /* Build configuration list for PBXProject "Contacts" */;
			compatibilityVersion = "Xcode 9.3";
			developmentRegion = en;
			hasScannedForEncodings = 0;
			knownRegions = (
				en,
				Base,
			);
			mainGroup = D2DC634A246D4A33005511B9;
			productRefGroup = D2DC6354246D4A33005511B9 /* Products */;
			projectDirPath = "";
			projectRoot = "";
			targets = (
				D2DC6352246D4A33005511B9 /* Contacts */,
			);
		};
/* End PBXProject section */

/* Begin PBXResourcesBuildPhase section */
		D2DC6351246D4A33005511B9 /* Resources */ = {
			isa = PBXResourcesBuildPhase;
			buildActionMask = 2147483647;
			files = (
				D2DC6363246D4A36005511B9 /* LaunchScreen.storyboard in Resources */,
				D2DC6360246D4A36005511B9 /* Assets.xcassets in Resources */,
			);
			runOnlyForDeploymentPostprocessing = 0;
		};
/* End PBXResourcesBuildPhase section */

/* Begin PBXSourcesBuildPhase section */
		D2DC634F246D4A33005511B9 /* Sources */ = {
			isa = PBXSourcesBuildPhase;
			buildActionMask = 2147483647;
			files = (
				D229A54324817FD100FD54CB /* DetailedInfoViewController.swift in Sources */,
				D27A88332480241E0059DF9E /* ListTableViewCell.swift in Sources */,
				D229A5362481259100FD54CB /* NetworkManager.swift in Sources */,
				D2DC635B246D4A33005511B9 /* ViewController.swift in Sources */,
				D229A5452481B2E100FD54CB /* GridCollectionViewCell.swift in Sources */,
				D2DC6357246D4A33005511B9 /* AppDelegate.swift in Sources */,
				D229A5302480458400FD54CB /* Contact.swift in Sources */,
				D2DC636B246D4A61005511B9 /* Hasher.swift in Sources */,
				D229A5342480587200FD54CB /* ContactsDataManager.swift in Sources */,
				D2DC6359246D4A33005511B9 /* SceneDelegate.swift in Sources */,
			);
			runOnlyForDeploymentPostprocessing = 0;
		};
/* End PBXSourcesBuildPhase section */

/* Begin PBXVariantGroup section */
		D2DC6361246D4A36005511B9 /* LaunchScreen.storyboard */ = {
			isa = PBXVariantGroup;
			children = (
				D2DC6362246D4A36005511B9 /* Base */,
			);
			name = LaunchScreen.storyboard;
			sourceTree = "<group>";
		};
/* End PBXVariantGroup section */

/* Begin XCBuildConfiguration section */
		D2DC6365246D4A36005511B9 /* Debug */ = {
			isa = XCBuildConfiguration;
			buildSettings = {
				ALWAYS_SEARCH_USER_PATHS = NO;
				CLANG_ANALYZER_NONNULL = YES;
				CLANG_ANALYZER_NUMBER_OBJECT_CONVERSION = YES_AGGRESSIVE;
				CLANG_CXX_LANGUAGE_STANDARD = "gnu++14";
				CLANG_CXX_LIBRARY = "libc++";
				CLANG_ENABLE_MODULES = YES;
				CLANG_ENABLE_OBJC_ARC = YES;
				CLANG_ENABLE_OBJC_WEAK = YES;
				CLANG_WARN_BLOCK_CAPTURE_AUTORELEASING = YES;
				CLANG_WARN_BOOL_CONVERSION = YES;
				CLANG_WARN_COMMA = YES;
				CLANG_WARN_CONSTANT_CONVERSION = YES;
				CLANG_WARN_DEPRECATED_OBJC_IMPLEMENTATIONS = YES;
				CLANG_WARN_DIRECT_OBJC_ISA_USAGE = YES_ERROR;
				CLANG_WARN_DOCUMENTATION_COMMENTS = YES;
				CLANG_WARN_EMPTY_BODY = YES;
				CLANG_WARN_ENUM_CONVERSION = YES;
				CLANG_WARN_INFINITE_RECURSION = YES;
				CLANG_WARN_INT_CONVERSION = YES;
				CLANG_WARN_NON_LITERAL_NULL_CONVERSION = YES;
				CLANG_WARN_OBJC_IMPLICIT_RETAIN_SELF = YES;
				CLANG_WARN_OBJC_LITERAL_CONVERSION = YES;
				CLANG_WARN_OBJC_ROOT_CLASS = YES_ERROR;
				CLANG_WARN_RANGE_LOOP_ANALYSIS = YES;
				CLANG_WARN_STRICT_PROTOTYPES = YES;
				CLANG_WARN_SUSPICIOUS_MOVE = YES;
				CLANG_WARN_UNGUARDED_AVAILABILITY = YES_AGGRESSIVE;
				CLANG_WARN_UNREACHABLE_CODE = YES;
				CLANG_WARN__DUPLICATE_METHOD_MATCH = YES;
				COPY_PHASE_STRIP = NO;
				DEBUG_INFORMATION_FORMAT = dwarf;
				ENABLE_STRICT_OBJC_MSGSEND = YES;
				ENABLE_TESTABILITY = YES;
				GCC_C_LANGUAGE_STANDARD = gnu11;
				GCC_DYNAMIC_NO_PIC = NO;
				GCC_NO_COMMON_BLOCKS = YES;
				GCC_OPTIMIZATION_LEVEL = 0;
				GCC_PREPROCESSOR_DEFINITIONS = (
					"DEBUG=1",
					"$(inherited)",
				);
				GCC_WARN_64_TO_32_BIT_CONVERSION = YES;
				GCC_WARN_ABOUT_RETURN_TYPE = YES_ERROR;
				GCC_WARN_UNDECLARED_SELECTOR = YES;
				GCC_WARN_UNINITIALIZED_AUTOS = YES_AGGRESSIVE;
				GCC_WARN_UNUSED_FUNCTION = YES;
				GCC_WARN_UNUSED_VARIABLE = YES;
				IPHONEOS_DEPLOYMENT_TARGET = 13.2;
				MTL_ENABLE_DEBUG_INFO = INCLUDE_SOURCE;
				MTL_FAST_MATH = YES;
				ONLY_ACTIVE_ARCH = YES;
				SDKROOT = iphoneos;
				SWIFT_ACTIVE_COMPILATION_CONDITIONS = DEBUG;
				SWIFT_OPTIMIZATION_LEVEL = "-Onone";
			};
			name = Debug;
		};
		D2DC6366246D4A36005511B9 /* Release */ = {
			isa = XCBuildConfiguration;
			buildSettings = {
				ALWAYS_SEARCH_USER_PATHS = NO;
				CLANG_ANALYZER_NONNULL = YES;
				CLANG_ANALYZER_NUMBER_OBJECT_CONVERSION = YES_AGGRESSIVE;
				CLANG_CXX_LANGUAGE_STANDARD = "gnu++14";
				CLANG_CXX_LIBRARY = "libc++";
				CLANG_ENABLE_MODULES = YES;
				CLANG_ENABLE_OBJC_ARC = YES;
				CLANG_ENABLE_OBJC_WEAK = YES;
				CLANG_WARN_BLOCK_CAPTURE_AUTORELEASING = YES;
				CLANG_WARN_BOOL_CONVERSION = YES;
				CLANG_WARN_COMMA = YES;
				CLANG_WARN_CONSTANT_CONVERSION = YES;
				CLANG_WARN_DEPRECATED_OBJC_IMPLEMENTATIONS = YES;
				CLANG_WARN_DIRECT_OBJC_ISA_USAGE = YES_ERROR;
				CLANG_WARN_DOCUMENTATION_COMMENTS = YES;
				CLANG_WARN_EMPTY_BODY = YES;
				CLANG_WARN_ENUM_CONVERSION = YES;
				CLANG_WARN_INFINITE_RECURSION = YES;
				CLANG_WARN_INT_CONVERSION = YES;
				CLANG_WARN_NON_LITERAL_NULL_CONVERSION = YES;
				CLANG_WARN_OBJC_IMPLICIT_RETAIN_SELF = YES;
				CLANG_WARN_OBJC_LITERAL_CONVERSION = YES;
				CLANG_WARN_OBJC_ROOT_CLASS = YES_ERROR;
				CLANG_WARN_RANGE_LOOP_ANALYSIS = YES;
				CLANG_WARN_STRICT_PROTOTYPES = YES;
				CLANG_WARN_SUSPICIOUS_MOVE = YES;
				CLANG_WARN_UNGUARDED_AVAILABILITY = YES_AGGRESSIVE;
				CLANG_WARN_UNREACHABLE_CODE = YES;
				CLANG_WARN__DUPLICATE_METHOD_MATCH = YES;
				COPY_PHASE_STRIP = NO;
				DEBUG_INFORMATION_FORMAT = "dwarf-with-dsym";
				ENABLE_NS_ASSERTIONS = NO;
				ENABLE_STRICT_OBJC_MSGSEND = YES;
				GCC_C_LANGUAGE_STANDARD = gnu11;
				GCC_NO_COMMON_BLOCKS = YES;
				GCC_WARN_64_TO_32_BIT_CONVERSION = YES;
				GCC_WARN_ABOUT_RETURN_TYPE = YES_ERROR;
				GCC_WARN_UNDECLARED_SELECTOR = YES;
				GCC_WARN_UNINITIALIZED_AUTOS = YES_AGGRESSIVE;
				GCC_WARN_UNUSED_FUNCTION = YES;
				GCC_WARN_UNUSED_VARIABLE = YES;
				IPHONEOS_DEPLOYMENT_TARGET = 13.2;
				MTL_ENABLE_DEBUG_INFO = NO;
				MTL_FAST_MATH = YES;
				SDKROOT = iphoneos;
				SWIFT_COMPILATION_MODE = wholemodule;
				SWIFT_OPTIMIZATION_LEVEL = "-O";
				VALIDATE_PRODUCT = YES;
			};
			name = Release;
		};
		D2DC6368246D4A36005511B9 /* Debug */ = {
			isa = XCBuildConfiguration;
			buildSettings = {
				ASSETCATALOG_COMPILER_APPICON_NAME = AppIcon;
				CODE_SIGN_STYLE = Automatic;
				DEVELOPMENT_TEAM = B6U9AWB5W8;
				INFOPLIST_FILE = Contacts/Info.plist;
				LD_RUNPATH_SEARCH_PATHS = (
					"$(inherited)",
					"@executable_path/Frameworks",
				);
				PRODUCT_BUNDLE_IDENTIFIER = com.Inna.Contacts;
				PRODUCT_NAME = "$(TARGET_NAME)";
				SWIFT_VERSION = 5.0;
				TARGETED_DEVICE_FAMILY = "1,2";
			};
			name = Debug;
		};
		D2DC6369246D4A36005511B9 /* Release */ = {
			isa = XCBuildConfiguration;
			buildSettings = {
				ASSETCATALOG_COMPILER_APPICON_NAME = AppIcon;
				CODE_SIGN_STYLE = Automatic;
				DEVELOPMENT_TEAM = B6U9AWB5W8;
				INFOPLIST_FILE = Contacts/Info.plist;
				LD_RUNPATH_SEARCH_PATHS = (
					"$(inherited)",
					"@executable_path/Frameworks",
				);
				PRODUCT_BUNDLE_IDENTIFIER = com.Inna.Contacts;
				PRODUCT_NAME = "$(TARGET_NAME)";
				SWIFT_VERSION = 5.0;
				TARGETED_DEVICE_FAMILY = "1,2";
			};
			name = Release;
		};
/* End XCBuildConfiguration section */

/* Begin XCConfigurationList section */
		D2DC634E246D4A33005511B9 /* Build configuration list for PBXProject "Contacts" */ = {
			isa = XCConfigurationList;
			buildConfigurations = (
				D2DC6365246D4A36005511B9 /* Debug */,
				D2DC6366246D4A36005511B9 /* Release */,
			);
			defaultConfigurationIsVisible = 0;
			defaultConfigurationName = Release;
		};
		D2DC6367246D4A36005511B9 /* Build configuration list for PBXNativeTarget "Contacts" */ = {
			isa = XCConfigurationList;
			buildConfigurations = (
				D2DC6368246D4A36005511B9 /* Debug */,
				D2DC6369246D4A36005511B9 /* Release */,
			);
			defaultConfigurationIsVisible = 0;
			defaultConfigurationName = Release;
		};
/* End XCConfigurationList section */
	};
	rootObject = D2DC634B246D4A33005511B9 /* Project object */;
}
